
Microsoft Visual Studio Solution File, Format Version 12.00
# Visual Studio Version 17
VisualStudioVersion = 17.2.32505.173
MinimumVisualStudioVersion = 10.0.40219.1
Project("{9A19103F-16F7-4668-BE54-9A1E7A4F7556}") = "MovieTelerik", "MovieTelerik\MovieTelerik.csproj", "{3370929F-6601-4E78-A40E-A11DD44409BE}"
EndProject
Project("{2150E333-8FDC-42A3-9474-1A3956D46DE8}") = "Solution Items", "Solution Items", "{BF7C1651-5A59-47DA-A5F3-C59B451372AC}"
	ProjectSection(SolutionItems) = preProject
		global.json = global.json
	EndProjectSection
EndProject
Global
	GlobalSection(SolutionConfigurationPlatforms) = preSolution
		Debug|Any CPU = Debug|Any CPU
		Release|Any CPU = Release|Any CPU
	EndGlobalSection
	GlobalSection(ProjectConfigurationPlatforms) = postSolution
		{3370929F-6601-4E78-A40E-A11DD44409BE}.Debug|Any CPU.ActiveCfg = Debug|Any CPU
		{3370929F-6601-4E78-A40E-A11DD44409BE}.Debug|Any CPU.Build.0 = Debug|Any CPU
		{3370929F-6601-4E78-A40E-A11DD44409BE}.Release|Any CPU.ActiveCfg = Release|Any CPU
		{3370929F-6601-4E78-A40E-A11DD44409BE}.Release|Any CPU.Build.0 = Release|Any CPU
	EndGlobalSection
	GlobalSection(SolutionProperties) = preSolution
		HideSolutionNode = FALSE
	EndGlobalSection
	GlobalSection(ExtensibilityGlobals) = postSolution
		SolutionGuid = {BF488D62-4C11-47BD-A585-E6A1D6554FC4}
	EndGlobalSection
EndGlobal
